
Microsoft Visual Studio Solution File, Format Version 12.00
# Visual Studio 2013
VisualStudioVersion = 12.0.30324.0
MinimumVisualStudioVersion = 10.0.40219.1
Project("{FAE04EC0-301F-11D3-BF4B-00C04F79EFBC}") = "NabbR.Client.Wpf", "NabbR.Client.Wpf\NabbR.Client.Wpf.csproj", "{FF7B3C8D-93CF-44AE-87F5-8AC7C41ED991}"
EndProject
Project("{2150E333-8FDC-42A3-9474-1A3956D46DE8}") = ".nuget", ".nuget", "{2430DC79-D56E-4DC7-9426-8A1B1DB8A541}"
	ProjectSection(SolutionItems) = preProject
		.nuget\NuGet.Config = .nuget\NuGet.Config
		.nuget\NuGet.exe = .nuget\NuGet.exe
		.nuget\NuGet.targets = .nuget\NuGet.targets
	EndProjectSection
EndProject
Project("{FAE04EC0-301F-11D3-BF4B-00C04F79EFBC}") = "NabbR.Core", "..\core\NabbR.Core\NabbR.Core.csproj", "{728CDE20-0477-404A-9DD3-7514FB722E98}"
EndProject
Project("{FAE04EC0-301F-11D3-BF4B-00C04F79EFBC}") = "NabbR.Client", "..\core\NabbR.Client\NabbR.Client.csproj", "{94AC2E35-759C-4BFF-BD21-628B5ED91E31}"
EndProject
Project("{2150E333-8FDC-42A3-9474-1A3956D46DE8}") = "Lib", "Lib", "{8938A938-4D52-4222-9696-134900799265}"
EndProject
Global
	GlobalSection(SolutionConfigurationPlatforms) = preSolution
		Debug|Any CPU = Debug|Any CPU
		Debug|ARM = Debug|ARM
		Debug|x64 = Debug|x64
		Debug|x86 = Debug|x86
		Release|Any CPU = Release|Any CPU
		Release|ARM = Release|ARM
		Release|x64 = Release|x64
		Release|x86 = Release|x86
	EndGlobalSection
	GlobalSection(ProjectConfigurationPlatforms) = postSolution
		{FF7B3C8D-93CF-44AE-87F5-8AC7C41ED991}.Debug|Any CPU.ActiveCfg = Debug|Any CPU
		{FF7B3C8D-93CF-44AE-87F5-8AC7C41ED991}.Debug|Any CPU.Build.0 = Debug|Any CPU
		{FF7B3C8D-93CF-44AE-87F5-8AC7C41ED991}.Debug|ARM.ActiveCfg = Debug|Any CPU
		{FF7B3C8D-93CF-44AE-87F5-8AC7C41ED991}.Debug|x64.ActiveCfg = Debug|Any CPU
		{FF7B3C8D-93CF-44AE-87F5-8AC7C41ED991}.Debug|x86.ActiveCfg = Debug|Any CPU
		{FF7B3C8D-93CF-44AE-87F5-8AC7C41ED991}.Release|Any CPU.ActiveCfg = Release|Any CPU
		{FF7B3C8D-93CF-44AE-87F5-8AC7C41ED991}.Release|Any CPU.Build.0 = Release|Any CPU
		{FF7B3C8D-93CF-44AE-87F5-8AC7C41ED991}.Release|ARM.ActiveCfg = Release|Any CPU
		{FF7B3C8D-93CF-44AE-87F5-8AC7C41ED991}.Release|x64.ActiveCfg = Release|Any CPU
		{FF7B3C8D-93CF-44AE-87F5-8AC7C41ED991}.Release|x86.ActiveCfg = Release|Any CPU
		{728CDE20-0477-404A-9DD3-7514FB722E98}.Debug|Any CPU.ActiveCfg = Debug|Any CPU
		{728CDE20-0477-404A-9DD3-7514FB722E98}.Debug|Any CPU.Build.0 = Debug|Any CPU
		{728CDE20-0477-404A-9DD3-7514FB722E98}.Debug|ARM.ActiveCfg = Debug|Any CPU
		{728CDE20-0477-404A-9DD3-7514FB722E98}.Debug|x64.ActiveCfg = Debug|Any CPU
		{728CDE20-0477-404A-9DD3-7514FB722E98}.Debug|x86.ActiveCfg = Debug|Any CPU
		{728CDE20-0477-404A-9DD3-7514FB722E98}.Release|Any CPU.ActiveCfg = Release|Any CPU
		{728CDE20-0477-404A-9DD3-7514FB722E98}.Release|Any CPU.Build.0 = Release|Any CPU
		{728CDE20-0477-404A-9DD3-7514FB722E98}.Release|ARM.ActiveCfg = Release|Any CPU
		{728CDE20-0477-404A-9DD3-7514FB722E98}.Release|x64.ActiveCfg = Release|Any CPU
		{728CDE20-0477-404A-9DD3-7514FB722E98}.Release|x86.ActiveCfg = Release|Any CPU
		{94AC2E35-759C-4BFF-BD21-628B5ED91E31}.Debug|Any CPU.ActiveCfg = Debug|Any CPU
		{94AC2E35-759C-4BFF-BD21-628B5ED91E31}.Debug|Any CPU.Build.0 = Debug|Any CPU
		{94AC2E35-759C-4BFF-BD21-628B5ED91E31}.Debug|ARM.ActiveCfg = Debug|Any CPU
		{94AC2E35-759C-4BFF-BD21-628B5ED91E31}.Debug|x64.ActiveCfg = Debug|Any CPU
		{94AC2E35-759C-4BFF-BD21-628B5ED91E31}.Debug|x86.ActiveCfg = Debug|Any CPU
		{94AC2E35-759C-4BFF-BD21-628B5ED91E31}.Release|Any CPU.ActiveCfg = Release|Any CPU
		{94AC2E35-759C-4BFF-BD21-628B5ED91E31}.Release|Any CPU.Build.0 = Release|Any CPU
		{94AC2E35-759C-4BFF-BD21-628B5ED91E31}.Release|ARM.ActiveCfg = Release|Any CPU
		{94AC2E35-759C-4BFF-BD21-628B5ED91E31}.Release|x64.ActiveCfg = Release|Any CPU
		{94AC2E35-759C-4BFF-BD21-628B5ED91E31}.Release|x86.ActiveCfg = Release|Any CPU
	EndGlobalSection
	GlobalSection(SolutionProperties) = preSolution
		HideSolutionNode = FALSE
	EndGlobalSection
	GlobalSection(NestedProjects) = preSolution
		{728CDE20-0477-404A-9DD3-7514FB722E98} = {8938A938-4D52-4222-9696-134900799265}
		{94AC2E35-759C-4BFF-BD21-628B5ED91E31} = {8938A938-4D52-4222-9696-134900799265}
	EndGlobalSection
EndGlobal
